{
  "version": 4,
  "terraform_version": "1.14.7",
  "serial": 5,
  "lineage": "9680dc58-c313-eb4b-085c-a3b821539996",
  "outputs": {},
  "resources": [
    {
      "mode": "managed",
      "type": "azurerm_network_interface",
      "name": "terraform_nic",
      "provider": "provider[\"registry.terraform.io/hashicorp/azurerm\"]",
      "instances": [
        {
          "schema_version": 0,
          "attributes": {
            "accelerated_networking_enabled": false,
            "applied_dns_servers": [],
            "auxiliary_mode": "",
            "auxiliary_sku": "",
            "dns_servers": null,
            "edge_zone": "",
            "id": "/subscriptions/a3bb0fd9-78b5-46cf-9def-276769340d7c/resourceGroups/joke-microservices-rg/providers/Microsoft.Network/networkInterfaces/terraform-demo-nic",
            "internal_dns_name_label": "",
            "internal_domain_name_suffix": "figle1eb1joupkqwyq5txzjcwf.ax.internal.cloudapp.net",
            "ip_configuration": [
              {
                "gateway_load_balancer_frontend_ip_configuration_id": "",
                "name": "internal",
                "primary": true,
                "private_ip_address": "10.10.0.5",
                "private_ip_address_allocation": "Dynamic",
                "private_ip_address_version": "IPv4",
                "public_ip_address_id": "/subscriptions/a3bb0fd9-78b5-46cf-9def-276769340d7c/resourceGroups/joke-microservices-rg/providers/Microsoft.Network/publicIPAddresses/terraform-demo-ip",
                "subnet_id": "/subscriptions/a3bb0fd9-78b5-46cf-9def-276769340d7c/resourceGroups/joke-microservices-rg/providers/Microsoft.Network/virtualNetworks/vnet-westeurope/subnets/snet-westeurope-2"
              }
            ],
            "ip_forwarding_enabled": false,
            "location": "westeurope",
            "mac_address": "",
            "name": "terraform-demo-nic",
            "private_ip_address": "10.10.0.5",
            "private_ip_addresses": [
              "10.10.0.5"
            ],
            "resource_group_name": "joke-microservices-rg",
            "tags": null,
            "timeouts": null,
            "virtual_machine_id": ""
          },
          "sensitive_attributes": [],
          "identity_schema_version": 0,
          "identity": {
            "name": "terraform-demo-nic",
            "resource_group_name": "joke-microservices-rg",
            "subscription_id": "a3bb0fd9-78b5-46cf-9def-276769340d7c"
          },
          "private": "eyJlMmJmYjczMC1lY2FhLTExZTYtOGY4OC0zNDM2M2JjN2M0YzAiOnsiY3JlYXRlIjoxODAwMDAwMDAwMDAwLCJkZWxldGUiOjE4MDAwMDAwMDAwMDAsInJlYWQiOjMwMDAwMDAwMDAwMCwidXBkYXRlIjoxODAwMDAwMDAwMDAwfX0=",
          "dependencies": [
            "azurerm_public_ip.terraform_ip"
          ]
        }
      ]
    },
    {
      "mode": "managed",
      "type": "azurerm_public_ip",
      "name": "terraform_ip",
      "provider": "provider[\"registry.terraform.io/hashicorp/azurerm\"]",
      "instances": [
        {
          "schema_version": 0,
          "attributes": {
            "allocation_method": "Static",
            "ddos_protection_mode": "VirtualNetworkInherited",
            "ddos_protection_plan_id": null,
            "domain_name_label": null,
            "domain_name_label_scope": null,
            "edge_zone": "",
            "fqdn": null,
            "id": "/subscriptions/a3bb0fd9-78b5-46cf-9def-276769340d7c/resourceGroups/joke-microservices-rg/providers/Microsoft.Network/publicIPAddresses/terraform-demo-ip",
            "idle_timeout_in_minutes": 4,
            "ip_address": "52.148.234.133",
            "ip_tags": null,
            "ip_version": "IPv4",
            "location": "westeurope",
            "name": "terraform-demo-ip",
            "public_ip_prefix_id": null,
            "resource_group_name": "joke-microservices-rg",
            "reverse_fqdn": null,
            "sku": "Standard",
            "sku_tier": "Regional",
            "tags": null,
            "timeouts": null,
            "zones": null
          },
          "sensitive_attributes": [],
          "identity_schema_version": 0,
          "identity": {
            "name": "terraform-demo-ip",
            "resource_group_name": "joke-microservices-rg",
            "subscription_id": "a3bb0fd9-78b5-46cf-9def-276769340d7c"
          },
          "private": "eyJlMmJmYjczMC1lY2FhLTExZTYtOGY4OC0zNDM2M2JjN2M0YzAiOnsiY3JlYXRlIjoxODAwMDAwMDAwMDAwLCJkZWxldGUiOjE4MDAwMDAwMDAwMDAsInJlYWQiOjMwMDAwMDAwMDAwMCwidXBkYXRlIjoxODAwMDAwMDAwMDAwfX0="
        }
      ]
    }
  ],
  "check_results": null
}
